
Microsoft Visual Studio Solution File, Format Version 12.00
# Visual Studio Version 17
VisualStudioVersion = 17.14.36429.23
MinimumVisualStudioVersion = 10.0.40219.1
Project("{FAE04EC0-301F-11D3-BF4B-00C04F79EFBC}") = "OrderManagementSystem.Domain", "OrderManagementSystem.Domain\OrderManagementSystem.Domain.csproj", "{573139E1-606E-4118-A303-346B36B97248}"
EndProject
Project("{2150E333-8FDC-42A3-9474-1A3956D46DE8}") = "Solution Items", "Solution Items", "{8EC462FD-D22E-90A8-E5CE-7E832BA40C5D}"
	ProjectSection(SolutionItems) = preProject
		.gitignore = .gitignore
	EndProjectSection
EndProject
Project("{FAE04EC0-301F-11D3-BF4B-00C04F79EFBC}") = "OrderManagementSystem.Data", "OrderManagementSystem.Data\OrderManagementSystem.Data.csproj", "{685E91A5-A85A-477F-A4D3-5CC8B4EEE3F9}"
EndProject
Project("{FAE04EC0-301F-11D3-BF4B-00C04F79EFBC}") = "OrderManagementSystem.Application", "OrderManagementSystem.Application\OrderManagementSystem.Application.csproj", "{613B8838-A1CC-4DF5-86E3-B97C2C5E8336}"
EndProject
Project("{FAE04EC0-301F-11D3-BF4B-00C04F79EFBC}") = "OrderManagementSystem.ConsoleApp", "OrderManagementSystem.ConsoleApp\OrderManagementSystem.ConsoleApp.csproj", "{EBE5EF04-8CE8-4C11-9C7D-7E3BB4FE4B2B}"
EndProject
Project("{FAE04EC0-301F-11D3-BF4B-00C04F79EFBC}") = "OrderManagementSystem.Tests", "OrderManagementSystem.Tests\OrderManagementSystem.Tests.csproj", "{4794EE7D-377B-477C-811A-E86DDEAD7030}"
EndProject
Global
	GlobalSection(SolutionConfigurationPlatforms) = preSolution
		Debug|Any CPU = Debug|Any CPU
		Release|Any CPU = Release|Any CPU
	EndGlobalSection
	GlobalSection(ProjectConfigurationPlatforms) = postSolution
		{573139E1-606E-4118-A303-346B36B97248}.Debug|Any CPU.ActiveCfg = Debug|Any CPU
		{573139E1-606E-4118-A303-346B36B97248}.Debug|Any CPU.Build.0 = Debug|Any CPU
		{573139E1-606E-4118-A303-346B36B97248}.Release|Any CPU.ActiveCfg = Release|Any CPU
		{573139E1-606E-4118-A303-346B36B97248}.Release|Any CPU.Build.0 = Release|Any CPU
		{685E91A5-A85A-477F-A4D3-5CC8B4EEE3F9}.Debug|Any CPU.ActiveCfg = Debug|Any CPU
		{685E91A5-A85A-477F-A4D3-5CC8B4EEE3F9}.Debug|Any CPU.Build.0 = Debug|Any CPU
		{685E91A5-A85A-477F-A4D3-5CC8B4EEE3F9}.Release|Any CPU.ActiveCfg = Release|Any CPU
		{685E91A5-A85A-477F-A4D3-5CC8B4EEE3F9}.Release|Any CPU.Build.0 = Release|Any CPU
		{613B8838-A1CC-4DF5-86E3-B97C2C5E8336}.Debug|Any CPU.ActiveCfg = Debug|Any CPU
		{613B8838-A1CC-4DF5-86E3-B97C2C5E8336}.Debug|Any CPU.Build.0 = Debug|Any CPU
		{613B8838-A1CC-4DF5-86E3-B97C2C5E8336}.Release|Any CPU.ActiveCfg = Release|Any CPU
		{613B8838-A1CC-4DF5-86E3-B97C2C5E8336}.Release|Any CPU.Build.0 = Release|Any CPU
		{EBE5EF04-8CE8-4C11-9C7D-7E3BB4FE4B2B}.Debug|Any CPU.ActiveCfg = Debug|Any CPU
		{EBE5EF04-8CE8-4C11-9C7D-7E3BB4FE4B2B}.Debug|Any CPU.Build.0 = Debug|Any CPU
		{EBE5EF04-8CE8-4C11-9C7D-7E3BB4FE4B2B}.Release|Any CPU.ActiveCfg = Release|Any CPU
		{EBE5EF04-8CE8-4C11-9C7D-7E3BB4FE4B2B}.Release|Any CPU.Build.0 = Release|Any CPU
		{4794EE7D-377B-477C-811A-E86DDEAD7030}.Debug|Any CPU.ActiveCfg = Debug|Any CPU
		{4794EE7D-377B-477C-811A-E86DDEAD7030}.Debug|Any CPU.Build.0 = Debug|Any CPU
		{4794EE7D-377B-477C-811A-E86DDEAD7030}.Release|Any CPU.ActiveCfg = Release|Any CPU
		{4794EE7D-377B-477C-811A-E86DDEAD7030}.Release|Any CPU.Build.0 = Release|Any CPU
	EndGlobalSection
	GlobalSection(SolutionProperties) = preSolution
		HideSolutionNode = FALSE
	EndGlobalSection
	GlobalSection(ExtensibilityGlobals) = postSolution
		SolutionGuid = {527AE2FB-C864-4104-8D43-F676837D48AE}
	EndGlobalSection
EndGlobal
